
Microsoft Visual Studio Solution File, Format Version 12.00
# Visual Studio Version 17
VisualStudioVersion = 17.7.34202.233
MinimumVisualStudioVersion = 10.0.40219.1
Project("{FAE04EC0-301F-11D3-BF4B-00C04F79EFBC}") = "WebAppWithDocker2", "WebAppWithDocker2\WebAppWithDocker2.csproj", "{82A4D5EB-81B6-4361-A998-2E3EF3875965}"
EndProject
Global
	GlobalSection(SolutionConfigurationPlatforms) = preSolution
		Debug|Any CPU = Debug|Any CPU
		Release|Any CPU = Release|Any CPU
	EndGlobalSection
	GlobalSection(ProjectConfigurationPlatforms) = postSolution
		{82A4D5EB-81B6-4361-A998-2E3EF3875965}.Debug|Any CPU.ActiveCfg = Debug|Any CPU
		{82A4D5EB-81B6-4361-A998-2E3EF3875965}.Debug|Any CPU.Build.0 = Debug|Any CPU
		{82A4D5EB-81B6-4361-A998-2E3EF3875965}.Release|Any CPU.ActiveCfg = Release|Any CPU
		{82A4D5EB-81B6-4361-A998-2E3EF3875965}.Release|Any CPU.Build.0 = Release|Any CPU
	EndGlobalSection
	GlobalSection(SolutionProperties) = preSolution
		HideSolutionNode = FALSE
	EndGlobalSection
	GlobalSection(ExtensibilityGlobals) = postSolution
		SolutionGuid = {F9C7CEE9-7038-4CA1-BFA2-CA8A436FC86A}
	EndGlobalSection
EndGlobal
